
Microsoft Visual Studio Solution File, Format Version 12.00
# Visual Studio Version 16
VisualStudioVersion = 16.0.30413.136
MinimumVisualStudioVersion = 10.0.40219.1
Project("{FAE04EC0-301F-11D3-BF4B-00C04F79EFBC}") = "MovieSearchService", "MovieSearchService\MovieSearchService.csproj", "{883DF8E2-807C-4FF2-92C7-F9258338CEE0}"
EndProject
Global
	GlobalSection(SolutionConfigurationPlatforms) = preSolution
		Debug|Any CPU = Debug|Any CPU
		Release|Any CPU = Release|Any CPU
	EndGlobalSection
	GlobalSection(ProjectConfigurationPlatforms) = postSolution
		{883DF8E2-807C-4FF2-92C7-F9258338CEE0}.Debug|Any CPU.ActiveCfg = Debug|Any CPU
		{883DF8E2-807C-4FF2-92C7-F9258338CEE0}.Debug|Any CPU.Build.0 = Debug|Any CPU
		{883DF8E2-807C-4FF2-92C7-F9258338CEE0}.Release|Any CPU.ActiveCfg = Release|Any CPU
		{883DF8E2-807C-4FF2-92C7-F9258338CEE0}.Release|Any CPU.Build.0 = Release|Any CPU
	EndGlobalSection
	GlobalSection(SolutionProperties) = preSolution
		HideSolutionNode = FALSE
	EndGlobalSection
	GlobalSection(ExtensibilityGlobals) = postSolution
		SolutionGuid = {652DC46F-57C4-469E-AEF4-9E6B9CB99BFF}
	EndGlobalSection
EndGlobal
